// !$*UTF8*$!
{
	archiveVersion = 1;
	classes = {
	};
	objectVersion = 50;
	objects = {

/* Begin PBXBuildFile section */
		A01074B726426516009E95D5 /* AppDelegate.swift in Sources */ = {isa = PBXBuildFile; fileRef = A01074B626426516009E95D5 /* AppDelegate.swift */; };
		A01074B926426516009E95D5 /* SceneDelegate.swift in Sources */ = {isa = PBXBuildFile; fileRef = A01074B826426516009E95D5 /* SceneDelegate.swift */; };
		A01074BB26426516009E95D5 /* ViewController.swift in Sources */ = {isa = PBXBuildFile; fileRef = A01074BA26426516009E95D5 /* ViewController.swift */; };
		A01074BE26426516009E95D5 /* Main.storyboard in Resources */ = {isa = PBXBuildFile; fileRef = A01074BC26426516009E95D5 /* Main.storyboard */; };
		A01074C026426518009E95D5 /* Assets.xcassets in Resources */ = {isa = PBXBuildFile; fileRef = A01074BF26426518009E95D5 /* Assets.xcassets */; };
		A01074C326426518009E95D5 /* LaunchScreen.storyboard in Resources */ = {isa = PBXBuildFile; fileRef = A01074C126426518009E95D5 /* LaunchScreen.storyboard */; };
		A01074CB26426EBA009E95D5 /* GroundView.swift in Sources */ = {isa = PBXBuildFile; fileRef = A01074CA26426EBA009E95D5 /* GroundView.swift */; };
		A09045E126440893003BDDCC /* BatterView.swift in Sources */ = {isa = PBXBuildFile; fileRef = A09045E026440893003BDDCC /* BatterView.swift */; };
/* End PBXBuildFile section */

/* Begin PBXFileReference section */
		A01074B326426516009E95D5 /* CoreGraphicsPractice.app */ = {isa = PBXFileReference; explicitFileType = wrapper.application; includeInIndex = 0; path = CoreGraphicsPractice.app; sourceTree = BUILT_PRODUCTS_DIR; };
		A01074B626426516009E95D5 /* AppDelegate.swift */ = {isa = PBXFileReference; lastKnownFileType = sourcecode.swift; path = AppDelegate.swift; sourceTree = "<group>"; };
		A01074B826426516009E95D5 /* SceneDelegate.swift */ = {isa = PBXFileReference; lastKnownFileType = sourcecode.swift; path = SceneDelegate.swift; sourceTree = "<group>"; };
		A01074BA26426516009E95D5 /* ViewController.swift */ = {isa = PBXFileReference; lastKnownFileType = sourcecode.swift; path = ViewController.swift; sourceTree = "<group>"; };
		A01074BD26426516009E95D5 /* Base */ = {isa = PBXFileReference; lastKnownFileType = file.storyboard; name = Base; path = Base.lproj/Main.storyboard; sourceTree = "<group>"; };
		A01074BF26426518009E95D5 /* Assets.xcassets */ = {isa = PBXFileReference; lastKnownFileType = folder.assetcatalog; path = Assets.xcassets; sourceTree = "<group>"; };
		A01074C226426518009E95D5 /* Base */ = {isa = PBXFileReference; lastKnownFileType = file.storyboard; name = Base; path = Base.lproj/LaunchScreen.storyboard; sourceTree = "<group>"; };
		A01074C426426518009E95D5 /* Info.plist */ = {isa = PBXFileReference; lastKnownFileType = text.plist.xml; path = Info.plist; sourceTree = "<group>"; };
		A01074CA26426EBA009E95D5 /* GroundView.swift */ = {isa = PBXFileReference; lastKnownFileType = sourcecode.swift; path = GroundView.swift; sourceTree = "<group>"; };
		A09045E026440893003BDDCC /* BatterView.swift */ = {isa = PBXFileReference; lastKnownFileType = sourcecode.swift; path = BatterView.swift; sourceTree = "<group>"; };
/* End PBXFileReference section */

/* Begin PBXFrameworksBuildPhase section */
		A01074B026426515009E95D5 /* Frameworks */ = {
			isa = PBXFrameworksBuildPhase;
			buildActionMask = 2147483647;
			files = (
			);
			runOnlyForDeploymentPostprocessing = 0;
		};
/* End PBXFrameworksBuildPhase section */

/* Begin PBXGroup section */
		A01074AA26426515009E95D5 = {
			isa = PBXGroup;
			children = (
				A01074B526426516009E95D5 /* CoreGraphicsPractice */,
				A01074B426426516009E95D5 /* Products */,
			);
			sourceTree = "<group>";
		};
		A01074B426426516009E95D5 /* Products */ = {
			isa = PBXGroup;
			children = (
				A01074B326426516009E95D5 /* CoreGraphicsPractice.app */,
			);
			name = Products;
			sourceTree = "<group>";
		};
		A01074B526426516009E95D5 /* CoreGraphicsPractice */ = {
			isa = PBXGroup;
			children = (
				A01074B626426516009E95D5 /* AppDelegate.swift */,
				A01074B826426516009E95D5 /* SceneDelegate.swift */,
				A01074BA26426516009E95D5 /* ViewController.swift */,
				A01074CA26426EBA009E95D5 /* GroundView.swift */,
				A09045E026440893003BDDCC /* BatterView.swift */,
				A01074BC26426516009E95D5 /* Main.storyboard */,
				A01074BF26426518009E95D5 /* Assets.xcassets */,
				A01074C126426518009E95D5 /* LaunchScreen.storyboard */,
				A01074C426426518009E95D5 /* Info.plist */,
			);
			path = CoreGraphicsPractice;
			sourceTree = "<group>";
		};
/* End PBXGroup section */

/* Begin PBXNativeTarget section */
		A01074B226426515009E95D5 /* CoreGraphicsPractice */ = {
			isa = PBXNativeTarget;
			buildConfigurationList = A01074C726426518009E95D5 /* Build configuration list for PBXNativeTarget "CoreGraphicsPractice" */;
			buildPhases = (
				A01074AF26426515009E95D5 /* Sources */,
				A01074B026426515009E95D5 /* Frameworks */,
				A01074B126426515009E95D5 /* Resources */,
			);
			buildRules = (
			);
			dependencies = (
			);
			name = CoreGraphicsPractice;
			productName = CoreGraphicsPractice;
			productReference = A01074B326426516009E95D5 /* CoreGraphicsPractice.app */;
			productType = "com.apple.product-type.application";
		};
/* End PBXNativeTarget section */

/* Begin PBXProject section */
		A01074AB26426515009E95D5 /* Project object */ = {
			isa = PBXProject;
			attributes = {
				LastSwiftUpdateCheck = 1250;
				LastUpgradeCheck = 1250;
				TargetAttributes = {
					A01074B226426515009E95D5 = {
						CreatedOnToolsVersion = 12.5;
					};
				};
			};
			buildConfigurationList = A01074AE26426515009E95D5 /* Build configuration list for PBXProject "CoreGraphicsPractice" */;
			compatibilityVersion = "Xcode 9.3";
			developmentRegion = en;
			hasScannedForEncodings = 0;
			knownRegions = (
				en,
				Base,
			);
			mainGroup = A01074AA26426515009E95D5;
			productRefGroup = A01074B426426516009E95D5 /* Products */;
			projectDirPath = "";
			projectRoot = "";
			targets = (
				A01074B226426515009E95D5 /* CoreGraphicsPractice */,
			);
		};
/* End PBXProject section */

/* Begin PBXResourcesBuildPhase section */
		A01074B126426515009E95D5 /* Resources */ = {
			isa = PBXResourcesBuildPhase;
			buildActionMask = 2147483647;
			files = (
				A01074C326426518009E95D5 /* LaunchScreen.storyboard in Resources */,
				A01074C026426518009E95D5 /* Assets.xcassets in Resources */,
				A01074BE26426516009E95D5 /* Main.storyboard in Resources */,
			);
			runOnlyForDeploymentPostprocessing = 0;
		};
/* End PBXResourcesBuildPhase section */

/* Begin PBXSourcesBuildPhase section */
		A01074AF26426515009E95D5 /* Sources */ = {
			isa = PBXSourcesBuildPhase;
			buildActionMask = 2147483647;
			files = (
				A01074BB26426516009E95D5 /* ViewController.swift in Sources */,
				A01074CB26426EBA009E95D5 /* GroundView.swift in Sources */,
				A09045E126440893003BDDCC /* BatterView.swift in Sources */,
				A01074B726426516009E95D5 /* AppDelegate.swift in Sources */,
				A01074B926426516009E95D5 /* SceneDelegate.swift in Sources */,
			);
			runOnlyForDeploymentPostprocessing = 0;
		};
/* End PBXSourcesBuildPhase section */

/* Begin PBXVariantGroup section */
		A01074BC26426516009E95D5 /* Main.storyboard */ = {
			isa = PBXVariantGroup;
			children = (
				A01074BD26426516009E95D5 /* Base */,
			);
			name = Main.storyboard;
			sourceTree = "<group>";
		};
		A01074C126426518009E95D5 /* LaunchScreen.storyboard */ = {
			isa = PBXVariantGroup;
			children = (
				A01074C226426518009E95D5 /* Base */,
			);
			name = LaunchScreen.storyboard;
			sourceTree = "<group>";
		};
/* End PBXVariantGroup section */

/* Begin XCBuildConfiguration section */
		A01074C526426518009E95D5 /* Debug */ = {
			isa = XCBuildConfiguration;
			buildSettings = {
				ALWAYS_SEARCH_USER_PATHS = NO;
				CLANG_ANALYZER_NONNULL = YES;
				CLANG_ANALYZER_NUMBER_OBJECT_CONVERSION = YES_AGGRESSIVE;
				CLANG_CXX_LANGUAGE_STANDARD = "gnu++14";
				CLANG_CXX_LIBRARY = "libc++";
				CLANG_ENABLE_MODULES = YES;
				CLANG_ENABLE_OBJC_ARC = YES;
				CLANG_ENABLE_OBJC_WEAK = YES;
				CLANG_WARN_BLOCK_CAPTURE_AUTORELEASING = YES;
				CLANG_WARN_BOOL_CONVERSION = YES;
				CLANG_WARN_COMMA = YES;
				CLANG_WARN_CONSTANT_CONVERSION = YES;
				CLANG_WARN_DEPRECATED_OBJC_IMPLEMENTATIONS = YES;
				CLANG_WARN_DIRECT_OBJC_ISA_USAGE = YES_ERROR;
				CLANG_WARN_DOCUMENTATION_COMMENTS = YES;
				CLANG_WARN_EMPTY_BODY = YES;
				CLANG_WARN_ENUM_CONVERSION = YES;
				CLANG_WARN_INFINITE_RECURSION = YES;
				CLANG_WARN_INT_CONVERSION = YES;
				CLANG_WARN_NON_LITERAL_NULL_CONVERSION = YES;
				CLANG_WARN_OBJC_IMPLICIT_RETAIN_SELF = YES;
				CLANG_WARN_OBJC_LITERAL_CONVERSION = YES;
				CLANG_WARN_OBJC_ROOT_CLASS = YES_ERROR;
				CLANG_WARN_QUOTED_INCLUDE_IN_FRAMEWORK_HEADER = YES;
				CLANG_WARN_RANGE_LOOP_ANALYSIS = YES;
				CLANG_WARN_STRICT_PROTOTYPES = YES;
				CLANG_WARN_SUSPICIOUS_MOVE = YES;
				CLANG_WARN_UNGUARDED_AVAILABILITY = YES_AGGRESSIVE;
				CLANG_WARN_UNREACHABLE_CODE = YES;
				CLANG_WARN__DUPLICATE_METHOD_MATCH = YES;
				COPY_PHASE_STRIP = NO;
				DEBUG_INFORMATION_FORMAT = dwarf;
				ENABLE_STRICT_OBJC_MSGSEND = YES;
				ENABLE_TESTABILITY = YES;
				GCC_C_LANGUAGE_STANDARD = gnu11;
				GCC_DYNAMIC_NO_PIC = NO;
				GCC_NO_COMMON_BLOCKS = YES;
				GCC_OPTIMIZATION_LEVEL = 0;
				GCC_PREPROCESSOR_DEFINITIONS = (
					"DEBUG=1",
					"$(inherited)",
				);
				GCC_WARN_64_TO_32_BIT_CONVERSION = YES;
				GCC_WARN_ABOUT_RETURN_TYPE = YES_ERROR;
				GCC_WARN_UNDECLARED_SELECTOR = YES;
				GCC_WARN_UNINITIALIZED_AUTOS = YES_AGGRESSIVE;
				GCC_WARN_UNUSED_FUNCTION = YES;
				GCC_WARN_UNUSED_VARIABLE = YES;
				IPHONEOS_DEPLOYMENT_TARGET = 14.5;
				MTL_ENABLE_DEBUG_INFO = INCLUDE_SOURCE;
				MTL_FAST_MATH = YES;
				ONLY_ACTIVE_ARCH = YES;
				SDKROOT = iphoneos;
				SWIFT_ACTIVE_COMPILATION_CONDITIONS = DEBUG;
				SWIFT_OPTIMIZATION_LEVEL = "-Onone";
			};
			name = Debug;
		};
		A01074C626426518009E95D5 /* Release */ = {
			isa = XCBuildConfiguration;
			buildSettings = {
				ALWAYS_SEARCH_USER_PATHS = NO;
				CLANG_ANALYZER_NONNULL = YES;
				CLANG_ANALYZER_NUMBER_OBJECT_CONVERSION = YES_AGGRESSIVE;
				CLANG_CXX_LANGUAGE_STANDARD = "gnu++14";
				CLANG_CXX_LIBRARY = "libc++";
				CLANG_ENABLE_MODULES = YES;
				CLANG_ENABLE_OBJC_ARC = YES;
				CLANG_ENABLE_OBJC_WEAK = YES;
				CLANG_WARN_BLOCK_CAPTURE_AUTORELEASING = YES;
				CLANG_WARN_BOOL_CONVERSION = YES;
				CLANG_WARN_COMMA = YES;
				CLANG_WARN_CONSTANT_CONVERSION = YES;
				CLANG_WARN_DEPRECATED_OBJC_IMPLEMENTATIONS = YES;
				CLANG_WARN_DIRECT_OBJC_ISA_USAGE = YES_ERROR;
				CLANG_WARN_DOCUMENTATION_COMMENTS = YES;
				CLANG_WARN_EMPTY_BODY = YES;
				CLANG_WARN_ENUM_CONVERSION = YES;
				CLANG_WARN_INFINITE_RECURSION = YES;
				CLANG_WARN_INT_CONVERSION = YES;
				CLANG_WARN_NON_LITERAL_NULL_CONVERSION = YES;
				CLANG_WARN_OBJC_IMPLICIT_RETAIN_SELF = YES;
				CLANG_WARN_OBJC_LITERAL_CONVERSION = YES;
				CLANG_WARN_OBJC_ROOT_CLASS = YES_ERROR;
				CLANG_WARN_QUOTED_INCLUDE_IN_FRAMEWORK_HEADER = YES;
				CLANG_WARN_RANGE_LOOP_ANALYSIS = YES;
				CLANG_WARN_STRICT_PROTOTYPES = YES;
				CLANG_WARN_SUSPICIOUS_MOVE = YES;
				CLANG_WARN_UNGUARDED_AVAILABILITY = YES_AGGRESSIVE;
				CLANG_WARN_UNREACHABLE_CODE = YES;
				CLANG_WARN__DUPLICATE_METHOD_MATCH = YES;
				COPY_PHASE_STRIP = NO;
				DEBUG_INFORMATION_FORMAT = "dwarf-with-dsym";
				ENABLE_NS_ASSERTIONS = NO;
				ENABLE_STRICT_OBJC_MSGSEND = YES;
				GCC_C_LANGUAGE_STANDARD = gnu11;
				GCC_NO_COMMON_BLOCKS = YES;
				GCC_WARN_64_TO_32_BIT_CONVERSION = YES;
				GCC_WARN_ABOUT_RETURN_TYPE = YES_ERROR;
				GCC_WARN_UNDECLARED_SELECTOR = YES;
				GCC_WARN_UNINITIALIZED_AUTOS = YES_AGGRESSIVE;
				GCC_WARN_UNUSED_FUNCTION = YES;
				GCC_WARN_UNUSED_VARIABLE = YES;
				IPHONEOS_DEPLOYMENT_TARGET = 14.5;
				MTL_ENABLE_DEBUG_INFO = NO;
				MTL_FAST_MATH = YES;
				SDKROOT = iphoneos;
				SWIFT_COMPILATION_MODE = wholemodule;
				SWIFT_OPTIMIZATION_LEVEL = "-O";
				VALIDATE_PRODUCT = YES;
			};
			name = Release;
		};
		A01074C826426518009E95D5 /* Debug */ = {
			isa = XCBuildConfiguration;
			buildSettings = {
				ASSETCATALOG_COMPILER_APPICON_NAME = AppIcon;
				ASSETCATALOG_COMPILER_GLOBAL_ACCENT_COLOR_NAME = AccentColor;
				CODE_SIGN_STYLE = Automatic;
				DEVELOPMENT_TEAM = B3PWYBKFUK;
				INFOPLIST_FILE = CoreGraphicsPractice/Info.plist;
				LD_RUNPATH_SEARCH_PATHS = (
					"$(inherited)",
					"@executable_path/Frameworks",
				);
				PRODUCT_BUNDLE_IDENTIFIER = com.Codesquad.SimulatorTest.CoreGraphicsPractice;
				PRODUCT_NAME = "$(TARGET_NAME)";
				SWIFT_VERSION = 5.0;
				TARGETED_DEVICE_FAMILY = "1,2";
			};
			name = Debug;
		};
		A01074C926426518009E95D5 /* Release */ = {
			isa = XCBuildConfiguration;
			buildSettings = {
				ASSETCATALOG_COMPILER_APPICON_NAME = AppIcon;
				ASSETCATALOG_COMPILER_GLOBAL_ACCENT_COLOR_NAME = AccentColor;
				CODE_SIGN_STYLE = Automatic;
				DEVELOPMENT_TEAM = B3PWYBKFUK;
				INFOPLIST_FILE = CoreGraphicsPractice/Info.plist;
				LD_RUNPATH_SEARCH_PATHS = (
					"$(inherited)",
					"@executable_path/Frameworks",
				);
				PRODUCT_BUNDLE_IDENTIFIER = com.Codesquad.SimulatorTest.CoreGraphicsPractice;
				PRODUCT_NAME = "$(TARGET_NAME)";
				SWIFT_VERSION = 5.0;
				TARGETED_DEVICE_FAMILY = "1,2";
			};
			name = Release;
		};
/* End XCBuildConfiguration section */

/* Begin XCConfigurationList section */
		A01074AE26426515009E95D5 /* Build configuration list for PBXProject "CoreGraphicsPractice" */ = {
			isa = XCConfigurationList;
			buildConfigurations = (
				A01074C526426518009E95D5 /* Debug */,
				A01074C626426518009E95D5 /* Release */,
			);
			defaultConfigurationIsVisible = 0;
			defaultConfigurationName = Release;
		};
		A01074C726426518009E95D5 /* Build configuration list for PBXNativeTarget "CoreGraphicsPractice" */ = {
			isa = XCConfigurationList;
			buildConfigurations = (
				A01074C826426518009E95D5 /* Debug */,
				A01074C926426518009E95D5 /* Release */,
			);
			defaultConfigurationIsVisible = 0;
			defaultConfigurationName = Release;
		};
/* End XCConfigurationList section */
	};
	rootObject = A01074AB26426515009E95D5 /* Project object */;
}
